
Microsoft Visual Studio Solution File, Format Version 12.00
# Visual Studio Version 17
VisualStudioVersion = 17.10.35122.118
MinimumVisualStudioVersion = 10.0.40219.1
Project("{FAE04EC0-301F-11D3-BF4B-00C04F79EFBC}") = "WebApiBank", "WebApiBank.csproj", "{17513775-05E6-40B6-B1E0-E24A1F724810}"
EndProject
Global
	GlobalSection(SolutionConfigurationPlatforms) = preSolution
		Debug|Any CPU = Debug|Any CPU
		Release|Any CPU = Release|Any CPU
	EndGlobalSection
	GlobalSection(ProjectConfigurationPlatforms) = postSolution
		{17513775-05E6-40B6-B1E0-E24A1F724810}.Debug|Any CPU.ActiveCfg = Debug|Any CPU
		{17513775-05E6-40B6-B1E0-E24A1F724810}.Debug|Any CPU.Build.0 = Debug|Any CPU
		{17513775-05E6-40B6-B1E0-E24A1F724810}.Release|Any CPU.ActiveCfg = Release|Any CPU
		{17513775-05E6-40B6-B1E0-E24A1F724810}.Release|Any CPU.Build.0 = Release|Any CPU
	EndGlobalSection
	GlobalSection(SolutionProperties) = preSolution
		HideSolutionNode = FALSE
	EndGlobalSection
	GlobalSection(ExtensibilityGlobals) = postSolution
		SolutionGuid = {A9D78733-D1F5-4B70-B3CB-FC1FA3FE46F2}
	EndGlobalSection
EndGlobal
